
Microsoft Visual Studio Solution File, Format Version 12.00
# Visual Studio Version 16
VisualStudioVersion = 16.0.29806.167
MinimumVisualStudioVersion = 10.0.40219.1
Project("{FAE04EC0-301F-11D3-BF4B-00C04F79EFBC}") = "SGallery.Android", "SGallery\SGallery.Android\SGallery.Android.csproj", "{33112DAB-72D4-4CC9-9D14-0553E20B2AA6}"
EndProject
Project("{FAE04EC0-301F-11D3-BF4B-00C04F79EFBC}") = "SGallery.iOS", "SGallery\SGallery.iOS\SGallery.iOS.csproj", "{7CAD405A-2966-4AA4-94BA-CB192BDB06C1}"
EndProject
Project("{FAE04EC0-301F-11D3-BF4B-00C04F79EFBC}") = "SGallery", "SGallery\SGallery\SGallery.csproj", "{8D670F31-E50D-416F-B304-AC3F3B616A3F}"
EndProject
Global
	GlobalSection(SolutionConfigurationPlatforms) = preSolution
		Debug|Any CPU = Debug|Any CPU
		Debug|iPhone = Debug|iPhone
		Debug|iPhoneSimulator = Debug|iPhoneSimulator
		Release|Any CPU = Release|Any CPU
		Release|iPhone = Release|iPhone
		Release|iPhoneSimulator = Release|iPhoneSimulator
	EndGlobalSection
	GlobalSection(ProjectConfigurationPlatforms) = postSolution
		{33112DAB-72D4-4CC9-9D14-0553E20B2AA6}.Debug|Any CPU.ActiveCfg = Debug|Any CPU
		{33112DAB-72D4-4CC9-9D14-0553E20B2AA6}.Debug|Any CPU.Build.0 = Debug|Any CPU
		{33112DAB-72D4-4CC9-9D14-0553E20B2AA6}.Debug|Any CPU.Deploy.0 = Debug|Any CPU
		{33112DAB-72D4-4CC9-9D14-0553E20B2AA6}.Debug|iPhone.ActiveCfg = Debug|Any CPU
		{33112DAB-72D4-4CC9-9D14-0553E20B2AA6}.Debug|iPhone.Build.0 = Debug|Any CPU
		{33112DAB-72D4-4CC9-9D14-0553E20B2AA6}.Debug|iPhone.Deploy.0 = Debug|Any CPU
		{33112DAB-72D4-4CC9-9D14-0553E20B2AA6}.Debug|iPhoneSimulator.ActiveCfg = Debug|Any CPU
		{33112DAB-72D4-4CC9-9D14-0553E20B2AA6}.Debug|iPhoneSimulator.Build.0 = Debug|Any CPU
		{33112DAB-72D4-4CC9-9D14-0553E20B2AA6}.Debug|iPhoneSimulator.Deploy.0 = Debug|Any CPU
		{33112DAB-72D4-4CC9-9D14-0553E20B2AA6}.Release|Any CPU.ActiveCfg = Release|Any CPU
		{33112DAB-72D4-4CC9-9D14-0553E20B2AA6}.Release|Any CPU.Build.0 = Release|Any CPU
		{33112DAB-72D4-4CC9-9D14-0553E20B2AA6}.Release|Any CPU.Deploy.0 = Release|Any CPU
		{33112DAB-72D4-4CC9-9D14-0553E20B2AA6}.Release|iPhone.ActiveCfg = Release|Any CPU
		{33112DAB-72D4-4CC9-9D14-0553E20B2AA6}.Release|iPhone.Build.0 = Release|Any CPU
		{33112DAB-72D4-4CC9-9D14-0553E20B2AA6}.Release|iPhone.Deploy.0 = Release|Any CPU
		{33112DAB-72D4-4CC9-9D14-0553E20B2AA6}.Release|iPhoneSimulator.ActiveCfg = Release|Any CPU
		{33112DAB-72D4-4CC9-9D14-0553E20B2AA6}.Release|iPhoneSimulator.Build.0 = Release|Any CPU
		{33112DAB-72D4-4CC9-9D14-0553E20B2AA6}.Release|iPhoneSimulator.Deploy.0 = Release|Any CPU
		{7CAD405A-2966-4AA4-94BA-CB192BDB06C1}.Debug|Any CPU.ActiveCfg = Debug|iPhoneSimulator
		{7CAD405A-2966-4AA4-94BA-CB192BDB06C1}.Debug|Any CPU.Build.0 = Debug|iPhoneSimulator
		{7CAD405A-2966-4AA4-94BA-CB192BDB06C1}.Debug|Any CPU.Deploy.0 = Debug|iPhoneSimulator
		{7CAD405A-2966-4AA4-94BA-CB192BDB06C1}.Debug|iPhone.ActiveCfg = Debug|iPhone
		{7CAD405A-2966-4AA4-94BA-CB192BDB06C1}.Debug|iPhone.Build.0 = Debug|iPhone
		{7CAD405A-2966-4AA4-94BA-CB192BDB06C1}.Debug|iPhone.Deploy.0 = Debug|iPhone
		{7CAD405A-2966-4AA4-94BA-CB192BDB06C1}.Debug|iPhoneSimulator.ActiveCfg = Debug|iPhoneSimulator
		{7CAD405A-2966-4AA4-94BA-CB192BDB06C1}.Debug|iPhoneSimulator.Build.0 = Debug|iPhoneSimulator
		{7CAD405A-2966-4AA4-94BA-CB192BDB06C1}.Debug|iPhoneSimulator.Deploy.0 = Debug|iPhoneSimulator
		{7CAD405A-2966-4AA4-94BA-CB192BDB06C1}.Release|Any CPU.ActiveCfg = Release|iPhone
		{7CAD405A-2966-4AA4-94BA-CB192BDB06C1}.Release|Any CPU.Build.0 = Release|iPhone
		{7CAD405A-2966-4AA4-94BA-CB192BDB06C1}.Release|Any CPU.Deploy.0 = Release|iPhone
		{7CAD405A-2966-4AA4-94BA-CB192BDB06C1}.Release|iPhone.ActiveCfg = Release|iPhone
		{7CAD405A-2966-4AA4-94BA-CB192BDB06C1}.Release|iPhone.Build.0 = Release|iPhone
		{7CAD405A-2966-4AA4-94BA-CB192BDB06C1}.Release|iPhone.Deploy.0 = Release|iPhone
		{7CAD405A-2966-4AA4-94BA-CB192BDB06C1}.Release|iPhoneSimulator.ActiveCfg = Release|iPhoneSimulator
		{7CAD405A-2966-4AA4-94BA-CB192BDB06C1}.Release|iPhoneSimulator.Build.0 = Release|iPhoneSimulator
		{7CAD405A-2966-4AA4-94BA-CB192BDB06C1}.Release|iPhoneSimulator.Deploy.0 = Release|iPhoneSimulator
		{8D670F31-E50D-416F-B304-AC3F3B616A3F}.Debug|Any CPU.ActiveCfg = Debug|Any CPU
		{8D670F31-E50D-416F-B304-AC3F3B616A3F}.Debug|Any CPU.Build.0 = Debug|Any CPU
		{8D670F31-E50D-416F-B304-AC3F3B616A3F}.Debug|Any CPU.Deploy.0 = Debug|Any CPU
		{8D670F31-E50D-416F-B304-AC3F3B616A3F}.Debug|iPhone.ActiveCfg = Debug|Any CPU
		{8D670F31-E50D-416F-B304-AC3F3B616A3F}.Debug|iPhone.Build.0 = Debug|Any CPU
		{8D670F31-E50D-416F-B304-AC3F3B616A3F}.Debug|iPhone.Deploy.0 = Debug|Any CPU
		{8D670F31-E50D-416F-B304-AC3F3B616A3F}.Debug|iPhoneSimulator.ActiveCfg = Debug|Any CPU
		{8D670F31-E50D-416F-B304-AC3F3B616A3F}.Debug|iPhoneSimulator.Build.0 = Debug|Any CPU
		{8D670F31-E50D-416F-B304-AC3F3B616A3F}.Debug|iPhoneSimulator.Deploy.0 = Debug|Any CPU
		{8D670F31-E50D-416F-B304-AC3F3B616A3F}.Release|Any CPU.ActiveCfg = Release|Any CPU
		{8D670F31-E50D-416F-B304-AC3F3B616A3F}.Release|Any CPU.Build.0 = Release|Any CPU
		{8D670F31-E50D-416F-B304-AC3F3B616A3F}.Release|Any CPU.Deploy.0 = Release|Any CPU
		{8D670F31-E50D-416F-B304-AC3F3B616A3F}.Release|iPhone.ActiveCfg = Release|Any CPU
		{8D670F31-E50D-416F-B304-AC3F3B616A3F}.Release|iPhone.Build.0 = Release|Any CPU
		{8D670F31-E50D-416F-B304-AC3F3B616A3F}.Release|iPhone.Deploy.0 = Release|Any CPU
		{8D670F31-E50D-416F-B304-AC3F3B616A3F}.Release|iPhoneSimulator.ActiveCfg = Release|Any CPU
		{8D670F31-E50D-416F-B304-AC3F3B616A3F}.Release|iPhoneSimulator.Build.0 = Release|Any CPU
		{8D670F31-E50D-416F-B304-AC3F3B616A3F}.Release|iPhoneSimulator.Deploy.0 = Release|Any CPU
	EndGlobalSection
	GlobalSection(SolutionProperties) = preSolution
		HideSolutionNode = FALSE
	EndGlobalSection
	GlobalSection(ExtensibilityGlobals) = postSolution
		SolutionGuid = {4C5E90B5-BFAD-4AA5-B391-AF98669B2071}
	EndGlobalSection
EndGlobal
